
Microsoft Visual Studio Solution File, Format Version 12.00
# Visual Studio Version 17
VisualStudioVersion = 17.2.32505.173
MinimumVisualStudioVersion = 10.0.40219.1
Project("{FAE04EC0-301F-11D3-BF4B-00C04F79EFBC}") = "FloatingPoint", "FloatingPoint.csproj", "{87791C8C-2581-4FAE-8727-7EC18BFF39D6}"
EndProject
Global
	GlobalSection(SolutionConfigurationPlatforms) = preSolution
		Debug|Any CPU = Debug|Any CPU
		Release|Any CPU = Release|Any CPU
	EndGlobalSection
	GlobalSection(ProjectConfigurationPlatforms) = postSolution
		{87791C8C-2581-4FAE-8727-7EC18BFF39D6}.Debug|Any CPU.ActiveCfg = Debug|Any CPU
		{87791C8C-2581-4FAE-8727-7EC18BFF39D6}.Debug|Any CPU.Build.0 = Debug|Any CPU
		{87791C8C-2581-4FAE-8727-7EC18BFF39D6}.Release|Any CPU.ActiveCfg = Release|Any CPU
		{87791C8C-2581-4FAE-8727-7EC18BFF39D6}.Release|Any CPU.Build.0 = Release|Any CPU
	EndGlobalSection
	GlobalSection(SolutionProperties) = preSolution
		HideSolutionNode = FALSE
	EndGlobalSection
	GlobalSection(ExtensibilityGlobals) = postSolution
		SolutionGuid = {4EA28E6F-2237-4B8E-9E7A-660AED9F4F94}
	EndGlobalSection
EndGlobal
